
Microsoft Visual Studio Solution File, Format Version 12.00
# Visual Studio Version 17
VisualStudioVersion = 17.7.34024.191
MinimumVisualStudioVersion = 10.0.40219.1
Project("{FAE04EC0-301F-11D3-BF4B-00C04F79EFBC}") = "Special", "Special\Special.csproj", "{44B9C675-EFC1-433C-8BF8-F07428C0FAAF}"
EndProject
Global
	GlobalSection(SolutionConfigurationPlatforms) = preSolution
		Debug|Any CPU = Debug|Any CPU
		Release|Any CPU = Release|Any CPU
	EndGlobalSection
	GlobalSection(ProjectConfigurationPlatforms) = postSolution
		{44B9C675-EFC1-433C-8BF8-F07428C0FAAF}.Debug|Any CPU.ActiveCfg = Debug|Any CPU
		{44B9C675-EFC1-433C-8BF8-F07428C0FAAF}.Debug|Any CPU.Build.0 = Debug|Any CPU
		{44B9C675-EFC1-433C-8BF8-F07428C0FAAF}.Release|Any CPU.ActiveCfg = Release|Any CPU
		{44B9C675-EFC1-433C-8BF8-F07428C0FAAF}.Release|Any CPU.Build.0 = Release|Any CPU
	EndGlobalSection
	GlobalSection(SolutionProperties) = preSolution
		HideSolutionNode = FALSE
	EndGlobalSection
	GlobalSection(ExtensibilityGlobals) = postSolution
		SolutionGuid = {A4F9FA62-2475-47E8-BA6B-693EE123F0D8}
	EndGlobalSection
EndGlobal
